
Microsoft Visual Studio Solution File, Format Version 12.00
# Visual Studio Version 16
VisualStudioVersion = 16.0.34114.132
MinimumVisualStudioVersion = 10.0.40219.1
Project("{FAE04EC0-301F-11D3-BF4B-00C04F79EFBC}") = "Shop_Mobile", "Shop_Mobile\Shop_Mobile.csproj", "{7471DE66-0363-4E2E-B2A3-CBEF0FF78572}"
EndProject
Global
	GlobalSection(SolutionConfigurationPlatforms) = preSolution
		Debug|Any CPU = Debug|Any CPU
		Release|Any CPU = Release|Any CPU
	EndGlobalSection
	GlobalSection(ProjectConfigurationPlatforms) = postSolution
		{7471DE66-0363-4E2E-B2A3-CBEF0FF78572}.Debug|Any CPU.ActiveCfg = Debug|Any CPU
		{7471DE66-0363-4E2E-B2A3-CBEF0FF78572}.Debug|Any CPU.Build.0 = Debug|Any CPU
		{7471DE66-0363-4E2E-B2A3-CBEF0FF78572}.Release|Any CPU.ActiveCfg = Release|Any CPU
		{7471DE66-0363-4E2E-B2A3-CBEF0FF78572}.Release|Any CPU.Build.0 = Release|Any CPU
	EndGlobalSection
	GlobalSection(SolutionProperties) = preSolution
		HideSolutionNode = FALSE
	EndGlobalSection
	GlobalSection(ExtensibilityGlobals) = postSolution
		SolutionGuid = {03C06A00-5C23-4CF8-848D-5CE181EC1C4F}
	EndGlobalSection
EndGlobal
